
Microsoft Visual Studio Solution File, Format Version 12.00
# Visual Studio Version 17
VisualStudioVersion = 17.3.32929.385
MinimumVisualStudioVersion = 10.0.40219.1
Project("{9A19103F-16F7-4668-BE54-9A1E7A4F7556}") = "EngineeringDesk", "EngineeringDesk.csproj", "{5967942E-5B48-4A2C-9F44-737A25DF24C1}"
EndProject
Project("{9A19103F-16F7-4668-BE54-9A1E7A4F7556}") = "DatabaseProject", "..\DatabaseProject\DatabaseProject.csproj", "{43E2709C-01F8-4528-8B26-A6A7DA451C72}"
EndProject
Project("{FAE04EC0-301F-11D3-BF4B-00C04F79EFBC}") = "DemoTesrProject", "..\DemoTesrProject\DemoTesrProject.csproj", "{343B4D91-4762-47AF-BE32-CD955002EC69}"
EndProject
Global
	GlobalSection(SolutionConfigurationPlatforms) = preSolution
		Debug|Any CPU = Debug|Any CPU
		Release|Any CPU = Release|Any CPU
	EndGlobalSection
	GlobalSection(ProjectConfigurationPlatforms) = postSolution
		{5967942E-5B48-4A2C-9F44-737A25DF24C1}.Debug|Any CPU.ActiveCfg = Debug|Any CPU
		{5967942E-5B48-4A2C-9F44-737A25DF24C1}.Debug|Any CPU.Build.0 = Debug|Any CPU
		{5967942E-5B48-4A2C-9F44-737A25DF24C1}.Release|Any CPU.ActiveCfg = Release|Any CPU
		{5967942E-5B48-4A2C-9F44-737A25DF24C1}.Release|Any CPU.Build.0 = Release|Any CPU
		{43E2709C-01F8-4528-8B26-A6A7DA451C72}.Debug|Any CPU.ActiveCfg = Debug|Any CPU
		{43E2709C-01F8-4528-8B26-A6A7DA451C72}.Debug|Any CPU.Build.0 = Debug|Any CPU
		{43E2709C-01F8-4528-8B26-A6A7DA451C72}.Release|Any CPU.ActiveCfg = Release|Any CPU
		{43E2709C-01F8-4528-8B26-A6A7DA451C72}.Release|Any CPU.Build.0 = Release|Any CPU
		{343B4D91-4762-47AF-BE32-CD955002EC69}.Debug|Any CPU.ActiveCfg = Debug|Any CPU
		{343B4D91-4762-47AF-BE32-CD955002EC69}.Debug|Any CPU.Build.0 = Debug|Any CPU
		{343B4D91-4762-47AF-BE32-CD955002EC69}.Release|Any CPU.ActiveCfg = Release|Any CPU
		{343B4D91-4762-47AF-BE32-CD955002EC69}.Release|Any CPU.Build.0 = Release|Any CPU
	EndGlobalSection
	GlobalSection(SolutionProperties) = preSolution
		HideSolutionNode = FALSE
	EndGlobalSection
	GlobalSection(ExtensibilityGlobals) = postSolution
		SolutionGuid = {358CB902-046F-4F1B-8D22-97E987417426}
	EndGlobalSection
EndGlobal
